
Microsoft Visual Studio Solution File, Format Version 12.00
# Visual Studio Version 17
VisualStudioVersion = 17.8.34601.278
MinimumVisualStudioVersion = 10.0.40219.1
Project("{9A19103F-16F7-4668-BE54-9A1E7A4F7556}") = "FlexeraLoginAPITest", "FlexeraLoginAPITest\FlexeraLoginAPITest.csproj", "{3F3AC830-1A42-4F22-A0E4-B4E6E8B66B40}"
EndProject
Project("{2150E333-8FDC-42A3-9474-1A3956D46DE8}") = "Solution Items", "Solution Items", "{8ECDE82F-A05B-4339-A0AA-37C3D9C1D6C2}"
	ProjectSection(SolutionItems) = preProject
		.github\workflows\dotnet.yml = .github\workflows\dotnet.yml
	EndProjectSection
EndProject
Global
	GlobalSection(SolutionConfigurationPlatforms) = preSolution
		Debug|Any CPU = Debug|Any CPU
		Release|Any CPU = Release|Any CPU
	EndGlobalSection
	GlobalSection(ProjectConfigurationPlatforms) = postSolution
		{3F3AC830-1A42-4F22-A0E4-B4E6E8B66B40}.Debug|Any CPU.ActiveCfg = Debug|Any CPU
		{3F3AC830-1A42-4F22-A0E4-B4E6E8B66B40}.Debug|Any CPU.Build.0 = Debug|Any CPU
		{3F3AC830-1A42-4F22-A0E4-B4E6E8B66B40}.Release|Any CPU.ActiveCfg = Release|Any CPU
		{3F3AC830-1A42-4F22-A0E4-B4E6E8B66B40}.Release|Any CPU.Build.0 = Release|Any CPU
	EndGlobalSection
	GlobalSection(SolutionProperties) = preSolution
		HideSolutionNode = FALSE
	EndGlobalSection
	GlobalSection(ExtensibilityGlobals) = postSolution
		SolutionGuid = {FEE70CFB-4953-434F-9C31-E6E8F31E3780}
	EndGlobalSection
EndGlobal
